
Microsoft Visual Studio Solution File, Format Version 12.00
# Visual Studio 15
Project("{FAE04EC0-301F-11D3-BF4B-00C04F79EFBC}") = "Assembly-CSharp-firstpass", "Assembly-CSharp-firstpass.csproj", "{E211904F-8E2B-A665-0F0E-0944B3BAA928}"
EndProject
Project("{FAE04EC0-301F-11D3-BF4B-00C04F79EFBC}") = "Assembly-CSharp", "Assembly-CSharp.csproj", "{A426728D-EE37-205C-F1A2-259C92457892}"
EndProject
Project("{FAE04EC0-301F-11D3-BF4B-00C04F79EFBC}") = "Tripolygon.UModelerX.PureCode.Hub.Editor", "Tripolygon.UModelerX.PureCode.Hub.Editor.csproj", "{C5544872-ADA5-85A1-5DAE-DDFCE79CACC5}"
EndProject
Project("{FAE04EC0-301F-11D3-BF4B-00C04F79EFBC}") = "sc.terrain.painter.runtime", "sc.terrain.painter.runtime.csproj", "{105D057C-038A-4567-6432-9B5513E99DB4}"
EndProject
Project("{FAE04EC0-301F-11D3-BF4B-00C04F79EFBC}") = "sc.terrain.painter.editor", "sc.terrain.painter.editor.csproj", "{E20E169B-EF4C-D9D4-9AB8-2D4AD34A916C}"
EndProject
Project("{FAE04EC0-301F-11D3-BF4B-00C04F79EFBC}") = "Assembly-CSharp-Editor", "Assembly-CSharp-Editor.csproj", "{B6E7D37F-8080-00EA-05AE-F749EB7D760C}"
EndProject
Project("{FAE04EC0-301F-11D3-BF4B-00C04F79EFBC}") = "Assembly-CSharp-Editor-firstpass", "Assembly-CSharp-Editor-firstpass.csproj", "{6B82EEC5-20E3-0F64-0550-686EE5FDE8E9}"
EndProject
Global
	GlobalSection(SolutionConfigurationPlatforms) = preSolution
		Debug|Any CPU = Debug|Any CPU
		Release|Any CPU = Release|Any CPU
	EndGlobalSection
	GlobalSection(ProjectConfigurationPlatforms) = postSolution
		{E211904F-8E2B-A665-0F0E-0944B3BAA928}.Debug|Any CPU.ActiveCfg = Debug|Any CPU
		{E211904F-8E2B-A665-0F0E-0944B3BAA928}.Debug|Any CPU.Build.0 = Debug|Any CPU
		{E211904F-8E2B-A665-0F0E-0944B3BAA928}.Release|Any CPU.ActiveCfg = Release|Any CPU
		{E211904F-8E2B-A665-0F0E-0944B3BAA928}.Release|Any CPU.Build.0 = Release|Any CPU
		{A426728D-EE37-205C-F1A2-259C92457892}.Debug|Any CPU.ActiveCfg = Debug|Any CPU
		{A426728D-EE37-205C-F1A2-259C92457892}.Debug|Any CPU.Build.0 = Debug|Any CPU
		{A426728D-EE37-205C-F1A2-259C92457892}.Release|Any CPU.ActiveCfg = Release|Any CPU
		{A426728D-EE37-205C-F1A2-259C92457892}.Release|Any CPU.Build.0 = Release|Any CPU
		{C5544872-ADA5-85A1-5DAE-DDFCE79CACC5}.Debug|Any CPU.ActiveCfg = Debug|Any CPU
		{C5544872-ADA5-85A1-5DAE-DDFCE79CACC5}.Debug|Any CPU.Build.0 = Debug|Any CPU
		{C5544872-ADA5-85A1-5DAE-DDFCE79CACC5}.Release|Any CPU.ActiveCfg = Release|Any CPU
		{C5544872-ADA5-85A1-5DAE-DDFCE79CACC5}.Release|Any CPU.Build.0 = Release|Any CPU
		{105D057C-038A-4567-6432-9B5513E99DB4}.Debug|Any CPU.ActiveCfg = Debug|Any CPU
		{105D057C-038A-4567-6432-9B5513E99DB4}.Debug|Any CPU.Build.0 = Debug|Any CPU
		{105D057C-038A-4567-6432-9B5513E99DB4}.Release|Any CPU.ActiveCfg = Release|Any CPU
		{105D057C-038A-4567-6432-9B5513E99DB4}.Release|Any CPU.Build.0 = Release|Any CPU
		{E20E169B-EF4C-D9D4-9AB8-2D4AD34A916C}.Debug|Any CPU.ActiveCfg = Debug|Any CPU
		{E20E169B-EF4C-D9D4-9AB8-2D4AD34A916C}.Debug|Any CPU.Build.0 = Debug|Any CPU
		{E20E169B-EF4C-D9D4-9AB8-2D4AD34A916C}.Release|Any CPU.ActiveCfg = Release|Any CPU
		{E20E169B-EF4C-D9D4-9AB8-2D4AD34A916C}.Release|Any CPU.Build.0 = Release|Any CPU
		{B6E7D37F-8080-00EA-05AE-F749EB7D760C}.Debug|Any CPU.ActiveCfg = Debug|Any CPU
		{B6E7D37F-8080-00EA-05AE-F749EB7D760C}.Debug|Any CPU.Build.0 = Debug|Any CPU
		{B6E7D37F-8080-00EA-05AE-F749EB7D760C}.Release|Any CPU.ActiveCfg = Release|Any CPU
		{B6E7D37F-8080-00EA-05AE-F749EB7D760C}.Release|Any CPU.Build.0 = Release|Any CPU
		{6B82EEC5-20E3-0F64-0550-686EE5FDE8E9}.Debug|Any CPU.ActiveCfg = Debug|Any CPU
		{6B82EEC5-20E3-0F64-0550-686EE5FDE8E9}.Debug|Any CPU.Build.0 = Debug|Any CPU
		{6B82EEC5-20E3-0F64-0550-686EE5FDE8E9}.Release|Any CPU.ActiveCfg = Release|Any CPU
		{6B82EEC5-20E3-0F64-0550-686EE5FDE8E9}.Release|Any CPU.Build.0 = Release|Any CPU
	EndGlobalSection
	GlobalSection(SolutionProperties) = preSolution
		HideSolutionNode = FALSE
	EndGlobalSection
EndGlobal
